{
  "name": "odysseus",
  "version": "1.0.0",
  "lockfileVersion": 3,
  "requires": true,
  "packages": {
    "": {
      "name": "odysseus",
      "version": "1.0.0",
      "license": "ISC",
      "dependencies": {
        "odysseus": "../odysseus"
      }
    },
    "node_modules/odysseus": {
      "version": "1.0.0",
      "resolved": "file:../odysseus",
      "license": "ISC"
    }
  }
}
